// !$*UTF8*$!
{
	archiveVersion = 1;
	classes = {
	};
	objectVersion = 55;
	objects = {

/* Begin PBXBuildFile section */
		0C03016726941121001A6D77 /* CustomPresetSelector.swift in Sources */ = {isa = PBXBuildFile; fileRef = 0C03016626941120001A6D77 /* CustomPresetSelector.swift */; };
		0C5C4BBF2826F96F00E7CF9E /* Introspect in Frameworks */ = {isa = PBXBuildFile; productRef = 0C5C4BBE2826F96F00E7CF9E /* Introspect */; };
		0C5FD295268D1C8F00B03FC0 /* CGSize+Math.swift in Sources */ = {isa = PBXBuildFile; fileRef = 0C5FD294268D1C8F00B03FC0 /* CGSize+Math.swift */; };
		0C7FE470283EB37B0020FFD2 /* Formatter+Static.swift in Sources */ = {isa = PBXBuildFile; fileRef = 0C7FE46F283EB37B0020FFD2 /* Formatter+Static.swift */; };
		0C7FE472283EB39B0020FFD2 /* View+NoRedraw.swift in Sources */ = {isa = PBXBuildFile; fileRef = 0C7FE471283EB39B0020FFD2 /* View+NoRedraw.swift */; };
		0C7FE474283EBBEC0020FFD2 /* ImageEditor.swift in Sources */ = {isa = PBXBuildFile; fileRef = 0C7FE473283EBBEC0020FFD2 /* ImageEditor.swift */; };
		0C90447F26839029005060DF /* CG+Operators.swift in Sources */ = {isa = PBXBuildFile; fileRef = 0C90447E26839029005060DF /* CG+Operators.swift */; };
		0C904481268396EA005060DF /* Rounding.swift in Sources */ = {isa = PBXBuildFile; fileRef = 0C904480268396EA005060DF /* Rounding.swift */; };
		0C950128268D00ED00A7C257 /* Background.swift in Sources */ = {isa = PBXBuildFile; fileRef = 0C950127268D00ED00A7C257 /* Background.swift */; };
		0C98601626899A27002D09D8 /* Shadow.swift in Sources */ = {isa = PBXBuildFile; fileRef = 0C98601526899A27002D09D8 /* Shadow.swift */; };
		0C9D9DE8267484DA002A4652 /* XcodeAssetGenerator.swift in Sources */ = {isa = PBXBuildFile; fileRef = 0C9D9DE7267484DA002A4652 /* XcodeAssetGenerator.swift */; };
		0CABB91526732C3800701959 /* PresetPickerView.swift in Sources */ = {isa = PBXBuildFile; fileRef = 0CABB91426732C3800701959 /* PresetPickerView.swift */; };
		0CBADF24284EF3C70020015A /* EditView.swift in Sources */ = {isa = PBXBuildFile; fileRef = 0CC845AB266EE0E10070AC87 /* EditView.swift */; };
		0CC6811A26918161006746F2 /* SavePanel.swift in Sources */ = {isa = PBXBuildFile; fileRef = 0CC6811926918161006746F2 /* SavePanel.swift */; };
		0CC6811C2691820E006746F2 /* ImgSetGenerator.swift in Sources */ = {isa = PBXBuildFile; fileRef = 0CC6811B2691820E006746F2 /* ImgSetGenerator.swift */; };
		0CC6811F269182CF006746F2 /* PresetType.swift in Sources */ = {isa = PBXBuildFile; fileRef = 0CC6811E269182CF006746F2 /* PresetType.swift */; };
		0CC84594266EDADA0070AC87 /* IconologyApp.swift in Sources */ = {isa = PBXBuildFile; fileRef = 0CC84593266EDADA0070AC87 /* IconologyApp.swift */; };
		0CC84596266EDADA0070AC87 /* MainView.swift in Sources */ = {isa = PBXBuildFile; fileRef = 0CC84595266EDADA0070AC87 /* MainView.swift */; };
		0CC84598266EDADB0070AC87 /* Assets.xcassets in Resources */ = {isa = PBXBuildFile; fileRef = 0CC84597266EDADB0070AC87 /* Assets.xcassets */; };
		0CC8459B266EDADB0070AC87 /* Preview Assets.xcassets in Resources */ = {isa = PBXBuildFile; fileRef = 0CC8459A266EDADB0070AC87 /* Preview Assets.xcassets */; };
		0CC845A2266EDF100070AC87 /* DragView.swift in Sources */ = {isa = PBXBuildFile; fileRef = 0CC845A1266EDF100070AC87 /* DragView.swift */; };
		0CC845AA266EE0A80070AC87 /* DropDelegate.swift in Sources */ = {isa = PBXBuildFile; fileRef = 0CC845A9266EE0A80070AC87 /* DropDelegate.swift */; };
		0CC845B0266F2DBC0070AC87 /* ImageModifier.swift in Sources */ = {isa = PBXBuildFile; fileRef = 0CC845AF266F2DBC0070AC87 /* ImageModifier.swift */; };
		0CC845B4266F2EF70070AC87 /* CGImage+Util.swift in Sources */ = {isa = PBXBuildFile; fileRef = 0CC845B2266F2EF70070AC87 /* CGImage+Util.swift */; };
		0CC845B5266F2EF70070AC87 /* CGImage+Edit.swift in Sources */ = {isa = PBXBuildFile; fileRef = 0CC845B3266F2EF70070AC87 /* CGImage+Edit.swift */; };
		0CE0860826924BC80055D191 /* CustomPresetsView.swift in Sources */ = {isa = PBXBuildFile; fileRef = 0CE0860726924BC80055D191 /* CustomPresetsView.swift */; };
		0CE08624269381610055D191 /* CustomPresetsStore.swift in Sources */ = {isa = PBXBuildFile; fileRef = 0CE08623269381610055D191 /* CustomPresetsStore.swift */; };
		0CE08626269381AA0055D191 /* Array+Identifiable.swift in Sources */ = {isa = PBXBuildFile; fileRef = 0CE08625269381AA0055D191 /* Array+Identifiable.swift */; };
		0CE08628269381C10055D191 /* CustomPresetEditor.swift in Sources */ = {isa = PBXBuildFile; fileRef = 0CE08627269381C00055D191 /* CustomPresetEditor.swift */; };
		0CFC53282672797900ACCC22 /* IcoGenerator.swift in Sources */ = {isa = PBXBuildFile; fileRef = 0CFC53272672797900ACCC22 /* IcoGenerator.swift */; };
		0CFC532A267279CA00ACCC22 /* IcnsGenerator.swift in Sources */ = {isa = PBXBuildFile; fileRef = 0CFC5329267279CA00ACCC22 /* IcnsGenerator.swift */; };
		0CFC532D26727E1C00ACCC22 /* ImageSelection.swift in Sources */ = {isa = PBXBuildFile; fileRef = 0CFC532C26727E1C00ACCC22 /* ImageSelection.swift */; };
		0CFFD9E126708458007FB3FB /* ImagePreviewView.swift in Sources */ = {isa = PBXBuildFile; fileRef = 0CFFD9E026708458007FB3FB /* ImagePreviewView.swift */; };
		0CFFD9E32670847D007FB3FB /* EditOptionsView.swift in Sources */ = {isa = PBXBuildFile; fileRef = 0CFFD9E22670847D007FB3FB /* EditOptionsView.swift */; };
		0CFFD9F926713D5A007FB3FB /* ImgSetSize.swift in Sources */ = {isa = PBXBuildFile; fileRef = 0CFFD9E726713D5A007FB3FB /* ImgSetSize.swift */; };
		0CFFD9FA26713D5A007FB3FB /* DefaultPresets.swift in Sources */ = {isa = PBXBuildFile; fileRef = 0CFFD9E826713D5A007FB3FB /* DefaultPresets.swift */; };
		0CFFD9FC26713D5A007FB3FB /* Preset.swift in Sources */ = {isa = PBXBuildFile; fileRef = 0CFFD9EB26713D5A007FB3FB /* Preset.swift */; };
		0CFFDA0126713D5A007FB3FB /* CGImage+PNG.swift in Sources */ = {isa = PBXBuildFile; fileRef = 0CFFD9F126713D5A007FB3FB /* CGImage+PNG.swift */; };
		0CFFDA0826713FF5007FB3FB /* TwoDimensionSlider.swift in Sources */ = {isa = PBXBuildFile; fileRef = 0CFFDA0726713FF5007FB3FB /* TwoDimensionSlider.swift */; };
		0CFFDA0B267153B3007FB3FB /* XcodeIconSize.swift in Sources */ = {isa = PBXBuildFile; fileRef = 0CFFDA0A267153B3007FB3FB /* XcodeIconSize.swift */; };
/* End PBXBuildFile section */

/* Begin PBXFileReference section */
		0C03016626941120001A6D77 /* CustomPresetSelector.swift */ = {isa = PBXFileReference; lastKnownFileType = sourcecode.swift; path = CustomPresetSelector.swift; sourceTree = "<group>"; };
		0C29BC9726732D7D00F3E61F /* Iconology.entitlements */ = {isa = PBXFileReference; lastKnownFileType = text.plist.entitlements; path = Iconology.entitlements; sourceTree = "<group>"; };
		0C5FD294268D1C8F00B03FC0 /* CGSize+Math.swift */ = {isa = PBXFileReference; lastKnownFileType = sourcecode.swift; path = "CGSize+Math.swift"; sourceTree = "<group>"; };
		0C7FE46F283EB37B0020FFD2 /* Formatter+Static.swift */ = {isa = PBXFileReference; lastKnownFileType = sourcecode.swift; path = "Formatter+Static.swift"; sourceTree = "<group>"; };
		0C7FE471283EB39B0020FFD2 /* View+NoRedraw.swift */ = {isa = PBXFileReference; lastKnownFileType = sourcecode.swift; path = "View+NoRedraw.swift"; sourceTree = "<group>"; };
		0C7FE473283EBBEC0020FFD2 /* ImageEditor.swift */ = {isa = PBXFileReference; lastKnownFileType = sourcecode.swift; path = ImageEditor.swift; sourceTree = "<group>"; };
		0C8C4ECB2697A1D300E21145 /* Info.plist */ = {isa = PBXFileReference; lastKnownFileType = text.plist; path = Info.plist; sourceTree = "<group>"; };
		0C90447E26839029005060DF /* CG+Operators.swift */ = {isa = PBXFileReference; lastKnownFileType = sourcecode.swift; path = "CG+Operators.swift"; sourceTree = "<group>"; };
		0C904480268396EA005060DF /* Rounding.swift */ = {isa = PBXFileReference; lastKnownFileType = sourcecode.swift; path = Rounding.swift; sourceTree = "<group>"; };
		0C950127268D00ED00A7C257 /* Background.swift */ = {isa = PBXFileReference; lastKnownFileType = sourcecode.swift; path = Background.swift; sourceTree = "<group>"; };
		0C98601526899A27002D09D8 /* Shadow.swift */ = {isa = PBXFileReference; lastKnownFileType = sourcecode.swift; path = Shadow.swift; sourceTree = "<group>"; };
		0C9D9DE7267484DA002A4652 /* XcodeAssetGenerator.swift */ = {isa = PBXFileReference; lastKnownFileType = sourcecode.swift; path = XcodeAssetGenerator.swift; sourceTree = "<group>"; };
		0CABB91426732C3800701959 /* PresetPickerView.swift */ = {isa = PBXFileReference; lastKnownFileType = sourcecode.swift; path = PresetPickerView.swift; sourceTree = "<group>"; };
		0CC6811926918161006746F2 /* SavePanel.swift */ = {isa = PBXFileReference; lastKnownFileType = sourcecode.swift; path = SavePanel.swift; sourceTree = "<group>"; };
		0CC6811B2691820E006746F2 /* ImgSetGenerator.swift */ = {isa = PBXFileReference; lastKnownFileType = sourcecode.swift; path = ImgSetGenerator.swift; sourceTree = "<group>"; };
		0CC6811E269182CF006746F2 /* PresetType.swift */ = {isa = PBXFileReference; lastKnownFileType = sourcecode.swift; path = PresetType.swift; sourceTree = "<group>"; };
		0CC84590266EDADA0070AC87 /* Iconology.app */ = {isa = PBXFileReference; explicitFileType = wrapper.application; includeInIndex = 0; path = Iconology.app; sourceTree = BUILT_PRODUCTS_DIR; };
		0CC84593266EDADA0070AC87 /* IconologyApp.swift */ = {isa = PBXFileReference; lastKnownFileType = sourcecode.swift; path = IconologyApp.swift; sourceTree = "<group>"; };
		0CC84595266EDADA0070AC87 /* MainView.swift */ = {isa = PBXFileReference; lastKnownFileType = sourcecode.swift; path = MainView.swift; sourceTree = "<group>"; };
		0CC84597266EDADB0070AC87 /* Assets.xcassets */ = {isa = PBXFileReference; lastKnownFileType = folder.assetcatalog; path = Assets.xcassets; sourceTree = "<group>"; };
		0CC8459A266EDADB0070AC87 /* Preview Assets.xcassets */ = {isa = PBXFileReference; lastKnownFileType = folder.assetcatalog; path = "Preview Assets.xcassets"; sourceTree = "<group>"; };
		0CC845A1266EDF100070AC87 /* DragView.swift */ = {isa = PBXFileReference; fileEncoding = 4; lastKnownFileType = sourcecode.swift; path = DragView.swift; sourceTree = "<group>"; };
		0CC845A9266EE0A80070AC87 /* DropDelegate.swift */ = {isa = PBXFileReference; lastKnownFileType = sourcecode.swift; path = DropDelegate.swift; sourceTree = "<group>"; };
		0CC845AB266EE0E10070AC87 /* EditView.swift */ = {isa = PBXFileReference; lastKnownFileType = sourcecode.swift; path = EditView.swift; sourceTree = "<group>"; };
		0CC845AF266F2DBC0070AC87 /* ImageModifier.swift */ = {isa = PBXFileReference; lastKnownFileType = sourcecode.swift; path = ImageModifier.swift; sourceTree = "<group>"; };
		0CC845B2266F2EF70070AC87 /* CGImage+Util.swift */ = {isa = PBXFileReference; fileEncoding = 4; lastKnownFileType = sourcecode.swift; path = "CGImage+Util.swift"; sourceTree = "<group>"; };
		0CC845B3266F2EF70070AC87 /* CGImage+Edit.swift */ = {isa = PBXFileReference; fileEncoding = 4; lastKnownFileType = sourcecode.swift; path = "CGImage+Edit.swift"; sourceTree = "<group>"; };
		0CE0860726924BC80055D191 /* CustomPresetsView.swift */ = {isa = PBXFileReference; lastKnownFileType = sourcecode.swift; path = CustomPresetsView.swift; sourceTree = "<group>"; };
		0CE08623269381610055D191 /* CustomPresetsStore.swift */ = {isa = PBXFileReference; lastKnownFileType = sourcecode.swift; path = CustomPresetsStore.swift; sourceTree = "<group>"; };
		0CE08625269381AA0055D191 /* Array+Identifiable.swift */ = {isa = PBXFileReference; lastKnownFileType = sourcecode.swift; path = "Array+Identifiable.swift"; sourceTree = "<group>"; };
		0CE08627269381C00055D191 /* CustomPresetEditor.swift */ = {isa = PBXFileReference; lastKnownFileType = sourcecode.swift; path = CustomPresetEditor.swift; sourceTree = "<group>"; };
		0CFC53272672797900ACCC22 /* IcoGenerator.swift */ = {isa = PBXFileReference; lastKnownFileType = sourcecode.swift; path = IcoGenerator.swift; sourceTree = "<group>"; };
		0CFC5329267279CA00ACCC22 /* IcnsGenerator.swift */ = {isa = PBXFileReference; lastKnownFileType = sourcecode.swift; path = IcnsGenerator.swift; sourceTree = "<group>"; };
		0CFC532C26727E1C00ACCC22 /* ImageSelection.swift */ = {isa = PBXFileReference; fileEncoding = 4; lastKnownFileType = sourcecode.swift; path = ImageSelection.swift; sourceTree = "<group>"; };
		0CFFD9E026708458007FB3FB /* ImagePreviewView.swift */ = {isa = PBXFileReference; lastKnownFileType = sourcecode.swift; path = ImagePreviewView.swift; sourceTree = "<group>"; };
		0CFFD9E22670847D007FB3FB /* EditOptionsView.swift */ = {isa = PBXFileReference; lastKnownFileType = sourcecode.swift; path = EditOptionsView.swift; sourceTree = "<group>"; };
		0CFFD9E726713D5A007FB3FB /* ImgSetSize.swift */ = {isa = PBXFileReference; fileEncoding = 4; lastKnownFileType = sourcecode.swift; path = ImgSetSize.swift; sourceTree = "<group>"; };
		0CFFD9E826713D5A007FB3FB /* DefaultPresets.swift */ = {isa = PBXFileReference; fileEncoding = 4; lastKnownFileType = sourcecode.swift; path = DefaultPresets.swift; sourceTree = "<group>"; };
		0CFFD9EB26713D5A007FB3FB /* Preset.swift */ = {isa = PBXFileReference; fileEncoding = 4; lastKnownFileType = sourcecode.swift; path = Preset.swift; sourceTree = "<group>"; };
		0CFFD9F126713D5A007FB3FB /* CGImage+PNG.swift */ = {isa = PBXFileReference; fileEncoding = 4; lastKnownFileType = sourcecode.swift; path = "CGImage+PNG.swift"; sourceTree = "<group>"; };
		0CFFDA0726713FF5007FB3FB /* TwoDimensionSlider.swift */ = {isa = PBXFileReference; lastKnownFileType = sourcecode.swift; path = TwoDimensionSlider.swift; sourceTree = "<group>"; };
		0CFFDA0A267153B3007FB3FB /* XcodeIconSize.swift */ = {isa = PBXFileReference; lastKnownFileType = sourcecode.swift; path = XcodeIconSize.swift; sourceTree = "<group>"; };
/* End PBXFileReference section */

/* Begin PBXFrameworksBuildPhase section */
		0CC8458D266EDADA0070AC87 /* Frameworks */ = {
			isa = PBXFrameworksBuildPhase;
			buildActionMask = 2147483647;
			files = (
				0C5C4BBF2826F96F00E7CF9E /* Introspect in Frameworks */,
			);
			runOnlyForDeploymentPostprocessing = 0;
		};
/* End PBXFrameworksBuildPhase section */

/* Begin PBXGroup section */
		0C7FE46E283EB3510020FFD2 /* Util */ = {
			isa = PBXGroup;
			children = (
				0C7FE46F283EB37B0020FFD2 /* Formatter+Static.swift */,
				0C7FE471283EB39B0020FFD2 /* View+NoRedraw.swift */,
			);
			path = Util;
			sourceTree = "<group>";
		};
		0CC6811D269182BB006746F2 /* Saving */ = {
			isa = PBXGroup;
			children = (
				0CC6811E269182CF006746F2 /* PresetType.swift */,
				0CC6811926918161006746F2 /* SavePanel.swift */,
			);
			path = Saving;
			sourceTree = "<group>";
		};
		0CC84587266EDADA0070AC87 = {
			isa = PBXGroup;
			children = (
				0CC84592266EDADA0070AC87 /* Iconology */,
				0CC84591266EDADA0070AC87 /* Products */,
			);
			sourceTree = "<group>";
		};
		0CC84591266EDADA0070AC87 /* Products */ = {
			isa = PBXGroup;
			children = (
				0CC84590266EDADA0070AC87 /* Iconology.app */,
			);
			name = Products;
			sourceTree = "<group>";
		};
		0CC84592266EDADA0070AC87 /* Iconology */ = {
			isa = PBXGroup;
			children = (
				0CC84593266EDADA0070AC87 /* IconologyApp.swift */,
				0CC84595266EDADA0070AC87 /* MainView.swift */,
				0CC845A3266EDF270070AC87 /* Drag */,
				0CC845A8266EE0770070AC87 /* Edit */,
				0CE0860626924B4E0055D191 /* CustomPresets */,
				0CFFD9E426713D5A007FB3FB /* Presets */,
				0C7FE46E283EB3510020FFD2 /* Util */,
				0CC84597266EDADB0070AC87 /* Assets.xcassets */,
				0C29BC9726732D7D00F3E61F /* Iconology.entitlements */,
				0C8C4ECB2697A1D300E21145 /* Info.plist */,
				0CC84599266EDADB0070AC87 /* Preview Content */,
			);
			path = Iconology;
			sourceTree = "<group>";
		};
		0CC84599266EDADB0070AC87 /* Preview Content */ = {
			isa = PBXGroup;
			children = (
				0CC8459A266EDADB0070AC87 /* Preview Assets.xcassets */,
			);
			path = "Preview Content";
			sourceTree = "<group>";
		};
		0CC845A3266EDF270070AC87 /* Drag */ = {
			isa = PBXGroup;
			children = (
				0CC845A1266EDF100070AC87 /* DragView.swift */,
				0CC845A9266EE0A80070AC87 /* DropDelegate.swift */,
				0CFC532C26727E1C00ACCC22 /* ImageSelection.swift */,
			);
			path = Drag;
			sourceTree = "<group>";
		};
		0CC845A8266EE0770070AC87 /* Edit */ = {
			isa = PBXGroup;
			children = (
				0CFFD9DF2670842A007FB3FB /* Views */,
				0CC845B1266F2DBE0070AC87 /* Modifications */,
				0CC845B6266F2F0F0070AC87 /* Editing */,
			);
			path = Edit;
			sourceTree = "<group>";
		};
		0CC845B1266F2DBE0070AC87 /* Modifications */ = {
			isa = PBXGroup;
			children = (
				0CC845AF266F2DBC0070AC87 /* ImageModifier.swift */,
				0C7FE473283EBBEC0020FFD2 /* ImageEditor.swift */,
				0C950127268D00ED00A7C257 /* Background.swift */,
			);
			path = Modifications;
			sourceTree = "<group>";
		};
		0CC845B6266F2F0F0070AC87 /* Editing */ = {
			isa = PBXGroup;
			children = (
				0CC845B3266F2EF70070AC87 /* CGImage+Edit.swift */,
				0C904480268396EA005060DF /* Rounding.swift */,
				0C98601526899A27002D09D8 /* Shadow.swift */,
				0C5FD294268D1C8F00B03FC0 /* CGSize+Math.swift */,
				0CC845B2266F2EF70070AC87 /* CGImage+Util.swift */,
				0C90447E26839029005060DF /* CG+Operators.swift */,
			);
			path = Editing;
			sourceTree = "<group>";
		};
		0CE0860626924B4E0055D191 /* CustomPresets */ = {
			isa = PBXGroup;
			children = (
				0CE0860726924BC80055D191 /* CustomPresetsView.swift */,
				0C03016626941120001A6D77 /* CustomPresetSelector.swift */,
				0CE08627269381C00055D191 /* CustomPresetEditor.swift */,
				0CE08623269381610055D191 /* CustomPresetsStore.swift */,
				0CE08625269381AA0055D191 /* Array+Identifiable.swift */,
			);
			path = CustomPresets;
			sourceTree = "<group>";
		};
		0CFC5325267278F900ACCC22 /* Generators */ = {
			isa = PBXGroup;
			children = (
				0C9D9DE7267484DA002A4652 /* XcodeAssetGenerator.swift */,
				0CFC53272672797900ACCC22 /* IcoGenerator.swift */,
				0CFC5329267279CA00ACCC22 /* IcnsGenerator.swift */,
				0CC6811B2691820E006746F2 /* ImgSetGenerator.swift */,
				0CFFD9F126713D5A007FB3FB /* CGImage+PNG.swift */,
			);
			path = Generators;
			sourceTree = "<group>";
		};
		0CFC53262672794300ACCC22 /* Sizes */ = {
			isa = PBXGroup;
			children = (
				0CFFDA0A267153B3007FB3FB /* XcodeIconSize.swift */,
				0CFFD9E726713D5A007FB3FB /* ImgSetSize.swift */,
			);
			path = Sizes;
			sourceTree = "<group>";
		};
		0CFFD9DF2670842A007FB3FB /* Views */ = {
			isa = PBXGroup;
			children = (
				0CC845AB266EE0E10070AC87 /* EditView.swift */,
				0CABB91426732C3800701959 /* PresetPickerView.swift */,
				0CFFD9E22670847D007FB3FB /* EditOptionsView.swift */,
				0CFFDA0726713FF5007FB3FB /* TwoDimensionSlider.swift */,
				0CFFD9E026708458007FB3FB /* ImagePreviewView.swift */,
			);
			path = Views;
			sourceTree = "<group>";
		};
		0CFFD9E426713D5A007FB3FB /* Presets */ = {
			isa = PBXGroup;
			children = (
				0CFFD9EB26713D5A007FB3FB /* Preset.swift */,
				0CFFD9E826713D5A007FB3FB /* DefaultPresets.swift */,
				0CC6811D269182BB006746F2 /* Saving */,
				0CFC53262672794300ACCC22 /* Sizes */,
				0CFC5325267278F900ACCC22 /* Generators */,
			);
			path = Presets;
			sourceTree = "<group>";
		};
/* End PBXGroup section */

/* Begin PBXNativeTarget section */
		0CC8458F266EDADA0070AC87 /* Iconology */ = {
			isa = PBXNativeTarget;
			buildConfigurationList = 0CC8459E266EDADB0070AC87 /* Build configuration list for PBXNativeTarget "Iconology" */;
			buildPhases = (
				0CC8458C266EDADA0070AC87 /* Sources */,
				0CC8458D266EDADA0070AC87 /* Frameworks */,
				0CC8458E266EDADA0070AC87 /* Resources */,
			);
			buildRules = (
			);
			dependencies = (
			);
			name = Iconology;
			packageProductDependencies = (
				0C5C4BBE2826F96F00E7CF9E /* Introspect */,
			);
			productName = Iconology;
			productReference = 0CC84590266EDADA0070AC87 /* Iconology.app */;
			productType = "com.apple.product-type.application";
		};
/* End PBXNativeTarget section */

/* Begin PBXProject section */
		0CC84588266EDADA0070AC87 /* Project object */ = {
			isa = PBXProject;
			attributes = {
				BuildIndependentTargetsInParallel = 1;
				LastSwiftUpdateCheck = 1300;
				LastUpgradeCheck = 1400;
				ORGANIZATIONNAME = "Liam Rosenfeld";
				TargetAttributes = {
					0CC8458F266EDADA0070AC87 = {
						CreatedOnToolsVersion = 13.0;
					};
				};
			};
			buildConfigurationList = 0CC8458B266EDADA0070AC87 /* Build configuration list for PBXProject "Iconology" */;
			compatibilityVersion = "Xcode 13.0";
			developmentRegion = en;
			hasScannedForEncodings = 0;
			knownRegions = (
				en,
				Base,
			);
			mainGroup = 0CC84587266EDADA0070AC87;
			packageReferences = (
				0C5C4BBD2826F96F00E7CF9E /* XCRemoteSwiftPackageReference "SwiftUI-Introspect" */,
			);
			productRefGroup = 0CC84591266EDADA0070AC87 /* Products */;
			projectDirPath = "";
			projectRoot = "";
			targets = (
				0CC8458F266EDADA0070AC87 /* Iconology */,
			);
		};
/* End PBXProject section */

/* Begin PBXResourcesBuildPhase section */
		0CC8458E266EDADA0070AC87 /* Resources */ = {
			isa = PBXResourcesBuildPhase;
			buildActionMask = 2147483647;
			files = (
				0CC8459B266EDADB0070AC87 /* Preview Assets.xcassets in Resources */,
				0CC84598266EDADB0070AC87 /* Assets.xcassets in Resources */,
			);
			runOnlyForDeploymentPostprocessing = 0;
		};
/* End PBXResourcesBuildPhase section */

/* Begin PBXSourcesBuildPhase section */
		0CC8458C266EDADA0070AC87 /* Sources */ = {
			isa = PBXSourcesBuildPhase;
			buildActionMask = 2147483647;
			files = (
				0CC845B0266F2DBC0070AC87 /* ImageModifier.swift in Sources */,
				0CE08624269381610055D191 /* CustomPresetsStore.swift in Sources */,
				0C7FE472283EB39B0020FFD2 /* View+NoRedraw.swift in Sources */,
				0CFFD9E32670847D007FB3FB /* EditOptionsView.swift in Sources */,
				0CFC532A267279CA00ACCC22 /* IcnsGenerator.swift in Sources */,
				0C90447F26839029005060DF /* CG+Operators.swift in Sources */,
				0CFC53282672797900ACCC22 /* IcoGenerator.swift in Sources */,
				0CFFD9FC26713D5A007FB3FB /* Preset.swift in Sources */,
				0C03016726941121001A6D77 /* CustomPresetSelector.swift in Sources */,
				0CFFD9F926713D5A007FB3FB /* ImgSetSize.swift in Sources */,
				0CFFDA0126713D5A007FB3FB /* CGImage+PNG.swift in Sources */,
				0CFFDA0B267153B3007FB3FB /* XcodeIconSize.swift in Sources */,
				0CC6811A26918161006746F2 /* SavePanel.swift in Sources */,
				0CC845AA266EE0A80070AC87 /* DropDelegate.swift in Sources */,
				0CFC532D26727E1C00ACCC22 /* ImageSelection.swift in Sources */,
				0C7FE470283EB37B0020FFD2 /* Formatter+Static.swift in Sources */,
				0C950128268D00ED00A7C257 /* Background.swift in Sources */,
				0CE08628269381C10055D191 /* CustomPresetEditor.swift in Sources */,
				0CC84596266EDADA0070AC87 /* MainView.swift in Sources */,
				0CFFD9FA26713D5A007FB3FB /* DefaultPresets.swift in Sources */,
				0CABB91526732C3800701959 /* PresetPickerView.swift in Sources */,
				0CFFD9E126708458007FB3FB /* ImagePreviewView.swift in Sources */,
				0C5FD295268D1C8F00B03FC0 /* CGSize+Math.swift in Sources */,
				0CFFDA0826713FF5007FB3FB /* TwoDimensionSlider.swift in Sources */,
				0C98601626899A27002D09D8 /* Shadow.swift in Sources */,
				0CBADF24284EF3C70020015A /* EditView.swift in Sources */,
				0C904481268396EA005060DF /* Rounding.swift in Sources */,
				0CC845B4266F2EF70070AC87 /* CGImage+Util.swift in Sources */,
				0C9D9DE8267484DA002A4652 /* XcodeAssetGenerator.swift in Sources */,
				0CC84594266EDADA0070AC87 /* IconologyApp.swift in Sources */,
				0CC6811C2691820E006746F2 /* ImgSetGenerator.swift in Sources */,
				0CC6811F269182CF006746F2 /* PresetType.swift in Sources */,
				0CE08626269381AA0055D191 /* Array+Identifiable.swift in Sources */,
				0CC845B5266F2EF70070AC87 /* CGImage+Edit.swift in Sources */,
				0CC845A2266EDF100070AC87 /* DragView.swift in Sources */,
				0C7FE474283EBBEC0020FFD2 /* ImageEditor.swift in Sources */,
				0CE0860826924BC80055D191 /* CustomPresetsView.swift in Sources */,
			);
			runOnlyForDeploymentPostprocessing = 0;
		};
/* End PBXSourcesBuildPhase section */

/* Begin XCBuildConfiguration section */
		0CC8459C266EDADB0070AC87 /* Debug */ = {
			isa = XCBuildConfiguration;
			buildSettings = {
				ALWAYS_SEARCH_USER_PATHS = NO;
				CLANG_ANALYZER_NONNULL = YES;
				CLANG_ANALYZER_NUMBER_OBJECT_CONVERSION = YES_AGGRESSIVE;
				CLANG_CXX_LANGUAGE_STANDARD = "gnu++14";
				CLANG_CXX_LIBRARY = "libc++";
				CLANG_ENABLE_MODULES = YES;
				CLANG_ENABLE_OBJC_ARC = YES;
				CLANG_ENABLE_OBJC_WEAK = YES;
				CLANG_WARN_BLOCK_CAPTURE_AUTORELEASING = YES;
				CLANG_WARN_BOOL_CONVERSION = YES;
				CLANG_WARN_COMMA = YES;
				CLANG_WARN_CONSTANT_CONVERSION = YES;
				CLANG_WARN_DEPRECATED_OBJC_IMPLEMENTATIONS = YES;
				CLANG_WARN_DIRECT_OBJC_ISA_USAGE = YES_ERROR;
				CLANG_WARN_DOCUMENTATION_COMMENTS = YES;
				CLANG_WARN_EMPTY_BODY = YES;
				CLANG_WARN_ENUM_CONVERSION = YES;
				CLANG_WARN_INFINITE_RECURSION = YES;
				CLANG_WARN_INT_CONVERSION = YES;
				CLANG_WARN_NON_LITERAL_NULL_CONVERSION = YES;
				CLANG_WARN_OBJC_IMPLICIT_RETAIN_SELF = YES;
				CLANG_WARN_OBJC_LITERAL_CONVERSION = YES;
				CLANG_WARN_OBJC_ROOT_CLASS = YES_ERROR;
				CLANG_WARN_QUOTED_INCLUDE_IN_FRAMEWORK_HEADER = YES;
				CLANG_WARN_RANGE_LOOP_ANALYSIS = YES;
				CLANG_WARN_STRICT_PROTOTYPES = YES;
				CLANG_WARN_SUSPICIOUS_MOVE = YES;
				CLANG_WARN_UNGUARDED_AVAILABILITY = YES_AGGRESSIVE;
				CLANG_WARN_UNREACHABLE_CODE = YES;
				CLANG_WARN__DUPLICATE_METHOD_MATCH = YES;
				COPY_PHASE_STRIP = NO;
				DEAD_CODE_STRIPPING = YES;
				DEBUG_INFORMATION_FORMAT = dwarf;
				ENABLE_STRICT_OBJC_MSGSEND = YES;
				ENABLE_TESTABILITY = YES;
				GCC_C_LANGUAGE_STANDARD = gnu11;
				GCC_DYNAMIC_NO_PIC = NO;
				GCC_NO_COMMON_BLOCKS = YES;
				GCC_OPTIMIZATION_LEVEL = 0;
				GCC_PREPROCESSOR_DEFINITIONS = (
					"DEBUG=1",
					"$(inherited)",
				);
				GCC_WARN_64_TO_32_BIT_CONVERSION = YES;
				GCC_WARN_ABOUT_RETURN_TYPE = YES_ERROR;
				GCC_WARN_UNDECLARED_SELECTOR = YES;
				GCC_WARN_UNINITIALIZED_AUTOS = YES_AGGRESSIVE;
				GCC_WARN_UNUSED_FUNCTION = YES;
				GCC_WARN_UNUSED_VARIABLE = YES;
				MACOSX_DEPLOYMENT_TARGET = 12.0;
				MTL_ENABLE_DEBUG_INFO = INCLUDE_SOURCE;
				MTL_FAST_MATH = YES;
				ONLY_ACTIVE_ARCH = YES;
				SDKROOT = macosx;
				SWIFT_ACTIVE_COMPILATION_CONDITIONS = DEBUG;
				SWIFT_OPTIMIZATION_LEVEL = "-Onone";
			};
			name = Debug;
		};
		0CC8459D266EDADB0070AC87 /* Release */ = {
			isa = XCBuildConfiguration;
			buildSettings = {
				ALWAYS_SEARCH_USER_PATHS = NO;
				CLANG_ANALYZER_NONNULL = YES;
				CLANG_ANALYZER_NUMBER_OBJECT_CONVERSION = YES_AGGRESSIVE;
				CLANG_CXX_LANGUAGE_STANDARD = "gnu++14";
				CLANG_CXX_LIBRARY = "libc++";
				CLANG_ENABLE_MODULES = YES;
				CLANG_ENABLE_OBJC_ARC = YES;
				CLANG_ENABLE_OBJC_WEAK = YES;
				CLANG_WARN_BLOCK_CAPTURE_AUTORELEASING = YES;
				CLANG_WARN_BOOL_CONVERSION = YES;
				CLANG_WARN_COMMA = YES;
				CLANG_WARN_CONSTANT_CONVERSION = YES;
				CLANG_WARN_DEPRECATED_OBJC_IMPLEMENTATIONS = YES;
				CLANG_WARN_DIRECT_OBJC_ISA_USAGE = YES_ERROR;
				CLANG_WARN_DOCUMENTATION_COMMENTS = YES;
				CLANG_WARN_EMPTY_BODY = YES;
				CLANG_WARN_ENUM_CONVERSION = YES;
				CLANG_WARN_INFINITE_RECURSION = YES;
				CLANG_WARN_INT_CONVERSION = YES;
				CLANG_WARN_NON_LITERAL_NULL_CONVERSION = YES;
				CLANG_WARN_OBJC_IMPLICIT_RETAIN_SELF = YES;
				CLANG_WARN_OBJC_LITERAL_CONVERSION = YES;
				CLANG_WARN_OBJC_ROOT_CLASS = YES_ERROR;
				CLANG_WARN_QUOTED_INCLUDE_IN_FRAMEWORK_HEADER = YES;
				CLANG_WARN_RANGE_LOOP_ANALYSIS = YES;
				CLANG_WARN_STRICT_PROTOTYPES = YES;
				CLANG_WARN_SUSPICIOUS_MOVE = YES;
				CLANG_WARN_UNGUARDED_AVAILABILITY = YES_AGGRESSIVE;
				CLANG_WARN_UNREACHABLE_CODE = YES;
				CLANG_WARN__DUPLICATE_METHOD_MATCH = YES;
				COPY_PHASE_STRIP = NO;
				DEAD_CODE_STRIPPING = YES;
				DEBUG_INFORMATION_FORMAT = "dwarf-with-dsym";
				ENABLE_NS_ASSERTIONS = NO;
				ENABLE_STRICT_OBJC_MSGSEND = YES;
				GCC_C_LANGUAGE_STANDARD = gnu11;
				GCC_NO_COMMON_BLOCKS = YES;
				GCC_WARN_64_TO_32_BIT_CONVERSION = YES;
				GCC_WARN_ABOUT_RETURN_TYPE = YES_ERROR;
				GCC_WARN_UNDECLARED_SELECTOR = YES;
				GCC_WARN_UNINITIALIZED_AUTOS = YES_AGGRESSIVE;
				GCC_WARN_UNUSED_FUNCTION = YES;
				GCC_WARN_UNUSED_VARIABLE = YES;
				MACOSX_DEPLOYMENT_TARGET = 12.0;
				MTL_ENABLE_DEBUG_INFO = NO;
				MTL_FAST_MATH = YES;
				SDKROOT = macosx;
				SWIFT_COMPILATION_MODE = wholemodule;
				SWIFT_OPTIMIZATION_LEVEL = "-O";
			};
			name = Release;
		};
		0CC8459F266EDADB0070AC87 /* Debug */ = {
			isa = XCBuildConfiguration;
			buildSettings = {
				ASSETCATALOG_COMPILER_APPICON_NAME = AppIcon;
				ASSETCATALOG_COMPILER_GLOBAL_ACCENT_COLOR_NAME = AccentColor;
				CODE_SIGN_ENTITLEMENTS = Iconology/Iconology.entitlements;
				CODE_SIGN_IDENTITY = "-";
				CODE_SIGN_STYLE = Automatic;
				COMBINE_HIDPI_IMAGES = YES;
				CURRENT_PROJECT_VERSION = 1;
				DEAD_CODE_STRIPPING = YES;
				DEVELOPMENT_ASSET_PATHS = "\"Iconology/Preview Content\"";
				DEVELOPMENT_TEAM = 28V7PPHDHC;
				ENABLE_APP_SANDBOX = YES;
				ENABLE_HARDENED_RUNTIME = YES;
				ENABLE_PREVIEWS = YES;
				ENABLE_USER_SELECTED_FILES = readonly;
				GENERATE_INFOPLIST_FILE = YES;
				INFOPLIST_FILE = Iconology/Info.plist;
				INFOPLIST_KEY_CFBundleExecutable = Iconology;
				INFOPLIST_KEY_CFBundleName = Iconology;
				INFOPLIST_KEY_CFBundleVersion = 1;
				INFOPLIST_KEY_NSHumanReadableCopyright = "";
				LD_RUNPATH_SEARCH_PATHS = (
					"$(inherited)",
					"@executable_path/../Frameworks",
				);
				MACOSX_DEPLOYMENT_TARGET = 12.0;
				MARKETING_VERSION = 2.0;
				PRODUCT_BUNDLE_IDENTIFIER = com.liamrosenfeld.Iconology;
				PRODUCT_NAME = "$(TARGET_NAME)";
				SWIFT_EMIT_LOC_STRINGS = YES;
				SWIFT_OBJC_INTERFACE_HEADER_NAME = "$(SWIFT_MODULE_NAME).h";
				SWIFT_VERSION = 5.0;
			};
			name = Debug;
		};
		0CC845A0266EDADB0070AC87 /* Release */ = {
			isa = XCBuildConfiguration;
			buildSettings = {
				ASSETCATALOG_COMPILER_APPICON_NAME = AppIcon;
				ASSETCATALOG_COMPILER_GLOBAL_ACCENT_COLOR_NAME = AccentColor;
				CODE_SIGN_ENTITLEMENTS = Iconology/Iconology.entitlements;
				CODE_SIGN_IDENTITY = "-";
				CODE_SIGN_STYLE = Automatic;
				COMBINE_HIDPI_IMAGES = YES;
				CURRENT_PROJECT_VERSION = 1;
				DEAD_CODE_STRIPPING = YES;
				DEVELOPMENT_ASSET_PATHS = "\"Iconology/Preview Content\"";
				DEVELOPMENT_TEAM = 28V7PPHDHC;
				ENABLE_APP_SANDBOX = YES;
				ENABLE_HARDENED_RUNTIME = YES;
				ENABLE_PREVIEWS = YES;
				ENABLE_USER_SELECTED_FILES = readonly;
				GENERATE_INFOPLIST_FILE = YES;
				INFOPLIST_FILE = Iconology/Info.plist;
				INFOPLIST_KEY_CFBundleExecutable = Iconology;
				INFOPLIST_KEY_CFBundleName = Iconology;
				INFOPLIST_KEY_CFBundleVersion = 1;
				INFOPLIST_KEY_NSHumanReadableCopyright = "";
				LD_RUNPATH_SEARCH_PATHS = (
					"$(inherited)",
					"@executable_path/../Frameworks",
				);
				MACOSX_DEPLOYMENT_TARGET = 12.0;
				MARKETING_VERSION = 2.0;
				PRODUCT_BUNDLE_IDENTIFIER = com.liamrosenfeld.Iconology;
				PRODUCT_NAME = "$(TARGET_NAME)";
				SWIFT_EMIT_LOC_STRINGS = YES;
				SWIFT_OBJC_INTERFACE_HEADER_NAME = "$(SWIFT_MODULE_NAME).h";
				SWIFT_VERSION = 5.0;
			};
			name = Release;
		};
/* End XCBuildConfiguration section */

/* Begin XCConfigurationList section */
		0CC8458B266EDADA0070AC87 /* Build configuration list for PBXProject "Iconology" */ = {
			isa = XCConfigurationList;
			buildConfigurations = (
				0CC8459C266EDADB0070AC87 /* Debug */,
				0CC8459D266EDADB0070AC87 /* Release */,
			);
			defaultConfigurationIsVisible = 0;
			defaultConfigurationName = Release;
		};
		0CC8459E266EDADB0070AC87 /* Build configuration list for PBXNativeTarget "Iconology" */ = {
			isa = XCConfigurationList;
			buildConfigurations = (
				0CC8459F266EDADB0070AC87 /* Debug */,
				0CC845A0266EDADB0070AC87 /* Release */,
			);
			defaultConfigurationIsVisible = 0;
			defaultConfigurationName = Release;
		};
/* End XCConfigurationList section */

/* Begin XCRemoteSwiftPackageReference section */
		0C5C4BBD2826F96F00E7CF9E /* XCRemoteSwiftPackageReference "SwiftUI-Introspect" */ = {
			isa = XCRemoteSwiftPackageReference;
			repositoryURL = "https://github.com/siteline/SwiftUI-Introspect";
			requirement = {
				kind = upToNextMajorVersion;
				minimumVersion = 0.1.4;
			};
		};
/* End XCRemoteSwiftPackageReference section */

/* Begin XCSwiftPackageProductDependency section */
		0C5C4BBE2826F96F00E7CF9E /* Introspect */ = {
			isa = XCSwiftPackageProductDependency;
			package = 0C5C4BBD2826F96F00E7CF9E /* XCRemoteSwiftPackageReference "SwiftUI-Introspect" */;
			productName = Introspect;
		};
/* End XCSwiftPackageProductDependency section */
	};
	rootObject = 0CC84588266EDADA0070AC87 /* Project object */;
}
