// !$*UTF8*$!
{
	archiveVersion = 1;
	classes = {
	};
	objectVersion = 51;
	objects = {

/* Begin PBXBuildFile section */
		0C02DD5222B1FD2C008B9759 /* ImageModifier.swift in Sources */ = {isa = PBXBuildFile; fileRef = 0C02DD5122B1FD2C008B9759 /* ImageModifier.swift */; };
		0C02DD5422B1FD57008B9759 /* NSImage+Edit.swift in Sources */ = {isa = PBXBuildFile; fileRef = 0C02DD5322B1FD57008B9759 /* NSImage+Edit.swift */; };
		0C02DD5622B1FD63008B9759 /* NSImage+Util.swift in Sources */ = {isa = PBXBuildFile; fileRef = 0C02DD5522B1FD63008B9759 /* NSImage+Util.swift */; };
		0C3C44F521FA70390067508C /* Preferences.swift in Sources */ = {isa = PBXBuildFile; fileRef = 0C3C44F421FA70390067508C /* Preferences.swift */; };
		0C3C44F721FAC4420067508C /* Notifications.swift in Sources */ = {isa = PBXBuildFile; fileRef = 0C3C44F621FAC4420067508C /* Notifications.swift */; };
		0C3C44F921FBCFD70067508C /* PresetsViewController.swift in Sources */ = {isa = PBXBuildFile; fileRef = 0C3C44F821FBCFD70067508C /* PresetsViewController.swift */; };
		0C3C44FB21FBF9830067508C /* NSViewController+Children.swift in Sources */ = {isa = PBXBuildFile; fileRef = 0C3C44FA21FBF9830067508C /* NSViewController+Children.swift */; };
		0C3C44FF21FCF9F70067508C /* URL+NSImage.swift in Sources */ = {isa = PBXBuildFile; fileRef = 0C3C44FE21FCF9F70067508C /* URL+NSImage.swift */; };
		0C6C91B022BC2EFB00C6A897 /* ImageOptions.storyboard in Resources */ = {isa = PBXBuildFile; fileRef = 0C6C91AF22BC2EFB00C6A897 /* ImageOptions.storyboard */; };
		0C6C91B222BC302700C6A897 /* NSView+Background.swift in Sources */ = {isa = PBXBuildFile; fileRef = 0C6C91B122BC302700C6A897 /* NSView+Background.swift */; };
		0C6C91B422BC383500C6A897 /* MainWindowController.swift in Sources */ = {isa = PBXBuildFile; fileRef = 0C6C91B322BC383500C6A897 /* MainWindowController.swift */; };
		0C6C91B622BC3BA300C6A897 /* Home.storyboard in Resources */ = {isa = PBXBuildFile; fileRef = 0C6C91B522BC3BA300C6A897 /* Home.storyboard */; };
		0C7B55BE21D40B22009FE959 /* NSImageView+AddImage.swift in Sources */ = {isa = PBXBuildFile; fileRef = 0C7B55BD21D40B22009FE959 /* NSImageView+AddImage.swift */; };
		0C8A68202286755400DDE2CA /* PresetViewController.swift in Sources */ = {isa = PBXBuildFile; fileRef = 0C8A681E2286755400DDE2CA /* PresetViewController.swift */; };
		0C8D9E3921CD73E500520AC8 /* UserPresets.swift in Sources */ = {isa = PBXBuildFile; fileRef = 0C8D9E3821CD73E500520AC8 /* UserPresets.swift */; };
		0C8D9E3B21CD810D00520AC8 /* DefaultPresets.swift in Sources */ = {isa = PBXBuildFile; fileRef = 0C8D9E3A21CD810D00520AC8 /* DefaultPresets.swift */; };
		0C8D9E3D21CD815100520AC8 /* Preset.swift in Sources */ = {isa = PBXBuildFile; fileRef = 0C8D9E3C21CD815100520AC8 /* Preset.swift */; };
		0C8D9E3F21CD977200520AC8 /* ExamplePresets.swift in Sources */ = {isa = PBXBuildFile; fileRef = 0C8D9E3E21CD977200520AC8 /* ExamplePresets.swift */; };
		0C8D9E4221CD988400520AC8 /* ImgSetPreset.swift in Sources */ = {isa = PBXBuildFile; fileRef = 0C8D9E4121CD988400520AC8 /* ImgSetPreset.swift */; };
		0C8D9E4421CD988E00520AC8 /* XcodePreset.swift in Sources */ = {isa = PBXBuildFile; fileRef = 0C8D9E4321CD988E00520AC8 /* XcodePreset.swift */; };
		0C8D9E4621CD9A5E00520AC8 /* FilePreset.swift in Sources */ = {isa = PBXBuildFile; fileRef = 0C8D9E4521CD9A5E00520AC8 /* FilePreset.swift */; };
		0C8D9E9721CF169900520AC8 /* FileHandler.swift in Sources */ = {isa = PBXBuildFile; fileRef = 0C8D9E9621CF169900520AC8 /* FileHandler.swift */; };
		0CB404A622B0C5830022505A /* PositionSelector.swift in Sources */ = {isa = PBXBuildFile; fileRef = 0CB404A522B0C5830022505A /* PositionSelector.swift */; };
		0CC44E4521F59C33009E963D /* Storage.swift in Sources */ = {isa = PBXBuildFile; fileRef = 0CC44E4421F59C33009E963D /* Storage.swift */; };
		0CC44E4C21F690ED009E963D /* ImageOptionsViewController.swift in Sources */ = {isa = PBXBuildFile; fileRef = 0CC44E4A21F690ED009E963D /* ImageOptionsViewController.swift */; };
		0CC9E7E721CF434600E37482 /* Num+Clean.swift in Sources */ = {isa = PBXBuildFile; fileRef = 0CC9E7E621CF434600E37482 /* Num+Clean.swift */; };
		0CC9E81121CF645B00E37482 /* SaveXcode.swift in Sources */ = {isa = PBXBuildFile; fileRef = 0CC9E81021CF645B00E37482 /* SaveXcode.swift */; };
		0CC9E81321CF647200E37482 /* SaveFile.swift in Sources */ = {isa = PBXBuildFile; fileRef = 0CC9E81221CF647200E37482 /* SaveFile.swift */; };
		0CC9E81521CFF56300E37482 /* IconsetSizes.swift in Sources */ = {isa = PBXBuildFile; fileRef = 0CC9E81421CFF56300E37482 /* IconsetSizes.swift */; };
		0CC9E81721D0830E00E37482 /* CollectionPreset.swift in Sources */ = {isa = PBXBuildFile; fileRef = 0CC9E81621D0830E00E37482 /* CollectionPreset.swift */; };
		0CC9E81921D0842600E37482 /* SaveCollection.swift in Sources */ = {isa = PBXBuildFile; fileRef = 0CC9E81821D0842600E37482 /* SaveCollection.swift */; };
		0CE7DD9B22C3028C0074E0AF /* NSRect+Center.swift in Sources */ = {isa = PBXBuildFile; fileRef = 0CE7DD9A22C3028C0074E0AF /* NSRect+Center.swift */; };
		0CE8558321D6E9B800F22403 /* Preferences.storyboard in Resources */ = {isa = PBXBuildFile; fileRef = 0CE8558221D6E9B800F22403 /* Preferences.storyboard */; };
		0CE8558521D6F69A00F22403 /* PreferencesWindowController.swift in Sources */ = {isa = PBXBuildFile; fileRef = 0CE8558421D6F69A00F22403 /* PreferencesWindowController.swift */; };
		0CE8558721D6F81800F22403 /* PreferencesViewController.swift in Sources */ = {isa = PBXBuildFile; fileRef = 0CE8558621D6F81800F22403 /* PreferencesViewController.swift */; };
		0CE8558921D6FDAA00F22403 /* PresetsWindowController.swift in Sources */ = {isa = PBXBuildFile; fileRef = 0CE8558821D6FDAA00F22403 /* PresetsWindowController.swift */; };
		0CE8558B21D7111300F22403 /* Alerts.swift in Sources */ = {isa = PBXBuildFile; fileRef = 0CE8558A21D7111300F22403 /* Alerts.swift */; };
		0CE8558E21D858DC00F22403 /* AllowedFileTypes.swift in Sources */ = {isa = PBXBuildFile; fileRef = 0CE8558D21D858DC00F22403 /* AllowedFileTypes.swift */; };
		0CF5BC2A20E32A0200F2A57C /* SavePng.swift in Sources */ = {isa = PBXBuildFile; fileRef = 0CF5BC2920E32A0200F2A57C /* SavePng.swift */; };
		AD1270072023D1510068531A /* AppDelegate.swift in Sources */ = {isa = PBXBuildFile; fileRef = AD1270062023D1510068531A /* AppDelegate.swift */; };
		AD1270092023D1510068531A /* HomeViewController.swift in Sources */ = {isa = PBXBuildFile; fileRef = AD1270082023D1510068531A /* HomeViewController.swift */; };
		AD12700B2023D1510068531A /* Assets.xcassets in Resources */ = {isa = PBXBuildFile; fileRef = AD12700A2023D1510068531A /* Assets.xcassets */; };
		AD1270362023DADA0068531A /* DragView.swift in Sources */ = {isa = PBXBuildFile; fileRef = AD1270352023DADA0068531A /* DragView.swift */; };
		AD1270382024050C0068531A /* OptionsViewController.swift in Sources */ = {isa = PBXBuildFile; fileRef = AD1270372024050C0068531A /* OptionsViewController.swift */; };
		ADA070E520AF6F8900A2A69F /* CustomPreset.swift in Sources */ = {isa = PBXBuildFile; fileRef = ADA070E420AF6F8900A2A69F /* CustomPreset.swift */; };
		ADA070E720AF709F00A2A69F /* XcodeSizes.swift in Sources */ = {isa = PBXBuildFile; fileRef = ADA070E620AF709F00A2A69F /* XcodeSizes.swift */; };
		ADF887A720B07CE600E60C19 /* Main.storyboard in Resources */ = {isa = PBXBuildFile; fileRef = ADF887A420B07CE500E60C19 /* Main.storyboard */; };
		ADF887AD20B07FAA00E60C19 /* Presets.storyboard in Resources */ = {isa = PBXBuildFile; fileRef = ADF887AC20B07FAA00E60C19 /* Presets.storyboard */; };
		ADF887AF20B0819E00E60C19 /* SelectPresetViewController.swift in Sources */ = {isa = PBXBuildFile; fileRef = ADF887AE20B0819E00E60C19 /* SelectPresetViewController.swift */; };
		ADF887B120B081BF00E60C19 /* EditPresetViewController.swift in Sources */ = {isa = PBXBuildFile; fileRef = ADF887B020B081BF00E60C19 /* EditPresetViewController.swift */; };
/* End PBXBuildFile section */

/* Begin PBXFileReference section */
		0C02DD5122B1FD2C008B9759 /* ImageModifier.swift */ = {isa = PBXFileReference; lastKnownFileType = sourcecode.swift; path = ImageModifier.swift; sourceTree = "<group>"; };
		0C02DD5322B1FD57008B9759 /* NSImage+Edit.swift */ = {isa = PBXFileReference; lastKnownFileType = sourcecode.swift; path = "NSImage+Edit.swift"; sourceTree = "<group>"; };
		0C02DD5522B1FD63008B9759 /* NSImage+Util.swift */ = {isa = PBXFileReference; lastKnownFileType = sourcecode.swift; path = "NSImage+Util.swift"; sourceTree = "<group>"; };
		0C3C44F421FA70390067508C /* Preferences.swift */ = {isa = PBXFileReference; lastKnownFileType = sourcecode.swift; path = Preferences.swift; sourceTree = "<group>"; };
		0C3C44F621FAC4420067508C /* Notifications.swift */ = {isa = PBXFileReference; lastKnownFileType = sourcecode.swift; path = Notifications.swift; sourceTree = "<group>"; };
		0C3C44F821FBCFD70067508C /* PresetsViewController.swift */ = {isa = PBXFileReference; lastKnownFileType = sourcecode.swift; path = PresetsViewController.swift; sourceTree = "<group>"; };
		0C3C44FA21FBF9830067508C /* NSViewController+Children.swift */ = {isa = PBXFileReference; lastKnownFileType = sourcecode.swift; path = "NSViewController+Children.swift"; sourceTree = "<group>"; };
		0C3C44FE21FCF9F70067508C /* URL+NSImage.swift */ = {isa = PBXFileReference; lastKnownFileType = sourcecode.swift; path = "URL+NSImage.swift"; sourceTree = "<group>"; };
		0C6C91AF22BC2EFB00C6A897 /* ImageOptions.storyboard */ = {isa = PBXFileReference; fileEncoding = 4; lastKnownFileType = file.storyboard; path = ImageOptions.storyboard; sourceTree = "<group>"; };
		0C6C91B122BC302700C6A897 /* NSView+Background.swift */ = {isa = PBXFileReference; lastKnownFileType = sourcecode.swift; path = "NSView+Background.swift"; sourceTree = "<group>"; };
		0C6C91B322BC383500C6A897 /* MainWindowController.swift */ = {isa = PBXFileReference; lastKnownFileType = sourcecode.swift; path = MainWindowController.swift; sourceTree = "<group>"; };
		0C6C91B522BC3BA300C6A897 /* Home.storyboard */ = {isa = PBXFileReference; fileEncoding = 4; lastKnownFileType = file.storyboard; path = Home.storyboard; sourceTree = "<group>"; };
		0C7B55BD21D40B22009FE959 /* NSImageView+AddImage.swift */ = {isa = PBXFileReference; lastKnownFileType = sourcecode.swift; path = "NSImageView+AddImage.swift"; sourceTree = "<group>"; };
		0C8A681E2286755400DDE2CA /* PresetViewController.swift */ = {isa = PBXFileReference; lastKnownFileType = sourcecode.swift; path = PresetViewController.swift; sourceTree = "<group>"; };
		0C8D9E3821CD73E500520AC8 /* UserPresets.swift */ = {isa = PBXFileReference; lastKnownFileType = sourcecode.swift; path = UserPresets.swift; sourceTree = "<group>"; };
		0C8D9E3A21CD810D00520AC8 /* DefaultPresets.swift */ = {isa = PBXFileReference; lastKnownFileType = sourcecode.swift; path = DefaultPresets.swift; sourceTree = "<group>"; };
		0C8D9E3C21CD815100520AC8 /* Preset.swift */ = {isa = PBXFileReference; lastKnownFileType = sourcecode.swift; path = Preset.swift; sourceTree = "<group>"; };
		0C8D9E3E21CD977200520AC8 /* ExamplePresets.swift */ = {isa = PBXFileReference; lastKnownFileType = sourcecode.swift; path = ExamplePresets.swift; sourceTree = "<group>"; };
		0C8D9E4121CD988400520AC8 /* ImgSetPreset.swift */ = {isa = PBXFileReference; lastKnownFileType = sourcecode.swift; path = ImgSetPreset.swift; sourceTree = "<group>"; };
		0C8D9E4321CD988E00520AC8 /* XcodePreset.swift */ = {isa = PBXFileReference; lastKnownFileType = sourcecode.swift; path = XcodePreset.swift; sourceTree = "<group>"; };
		0C8D9E4521CD9A5E00520AC8 /* FilePreset.swift */ = {isa = PBXFileReference; lastKnownFileType = sourcecode.swift; path = FilePreset.swift; sourceTree = "<group>"; };
		0C8D9E9621CF169900520AC8 /* FileHandler.swift */ = {isa = PBXFileReference; lastKnownFileType = sourcecode.swift; path = FileHandler.swift; sourceTree = "<group>"; };
		0CB404A522B0C5830022505A /* PositionSelector.swift */ = {isa = PBXFileReference; lastKnownFileType = sourcecode.swift; path = PositionSelector.swift; sourceTree = "<group>"; };
		0CC44E4421F59C33009E963D /* Storage.swift */ = {isa = PBXFileReference; lastKnownFileType = sourcecode.swift; path = Storage.swift; sourceTree = "<group>"; };
		0CC44E4A21F690ED009E963D /* ImageOptionsViewController.swift */ = {isa = PBXFileReference; lastKnownFileType = sourcecode.swift; path = ImageOptionsViewController.swift; sourceTree = "<group>"; };
		0CC9E7E621CF434600E37482 /* Num+Clean.swift */ = {isa = PBXFileReference; lastKnownFileType = sourcecode.swift; path = "Num+Clean.swift"; sourceTree = "<group>"; };
		0CC9E81021CF645B00E37482 /* SaveXcode.swift */ = {isa = PBXFileReference; lastKnownFileType = sourcecode.swift; path = SaveXcode.swift; sourceTree = "<group>"; };
		0CC9E81221CF647200E37482 /* SaveFile.swift */ = {isa = PBXFileReference; lastKnownFileType = sourcecode.swift; path = SaveFile.swift; sourceTree = "<group>"; };
		0CC9E81421CFF56300E37482 /* IconsetSizes.swift */ = {isa = PBXFileReference; lastKnownFileType = sourcecode.swift; path = IconsetSizes.swift; sourceTree = "<group>"; };
		0CC9E81621D0830E00E37482 /* CollectionPreset.swift */ = {isa = PBXFileReference; lastKnownFileType = sourcecode.swift; path = CollectionPreset.swift; sourceTree = "<group>"; };
		0CC9E81821D0842600E37482 /* SaveCollection.swift */ = {isa = PBXFileReference; lastKnownFileType = sourcecode.swift; path = SaveCollection.swift; sourceTree = "<group>"; };
		0CE7DD9A22C3028C0074E0AF /* NSRect+Center.swift */ = {isa = PBXFileReference; lastKnownFileType = sourcecode.swift; path = "NSRect+Center.swift"; sourceTree = "<group>"; };
		0CE8558221D6E9B800F22403 /* Preferences.storyboard */ = {isa = PBXFileReference; lastKnownFileType = file.storyboard; path = Preferences.storyboard; sourceTree = "<group>"; };
		0CE8558421D6F69A00F22403 /* PreferencesWindowController.swift */ = {isa = PBXFileReference; lastKnownFileType = sourcecode.swift; path = PreferencesWindowController.swift; sourceTree = "<group>"; };
		0CE8558621D6F81800F22403 /* PreferencesViewController.swift */ = {isa = PBXFileReference; lastKnownFileType = sourcecode.swift; path = PreferencesViewController.swift; sourceTree = "<group>"; };
		0CE8558821D6FDAA00F22403 /* PresetsWindowController.swift */ = {isa = PBXFileReference; lastKnownFileType = sourcecode.swift; path = PresetsWindowController.swift; sourceTree = "<group>"; };
		0CE8558A21D7111300F22403 /* Alerts.swift */ = {isa = PBXFileReference; lastKnownFileType = sourcecode.swift; path = Alerts.swift; sourceTree = "<group>"; };
		0CE8558D21D858DC00F22403 /* AllowedFileTypes.swift */ = {isa = PBXFileReference; lastKnownFileType = sourcecode.swift; path = AllowedFileTypes.swift; sourceTree = "<group>"; };
		0CF5BC2920E32A0200F2A57C /* SavePng.swift */ = {isa = PBXFileReference; lastKnownFileType = sourcecode.swift; path = SavePng.swift; sourceTree = "<group>"; };
		AD1270032023D1510068531A /* Iconology.app */ = {isa = PBXFileReference; explicitFileType = wrapper.application; includeInIndex = 0; path = Iconology.app; sourceTree = BUILT_PRODUCTS_DIR; };
		AD1270062023D1510068531A /* AppDelegate.swift */ = {isa = PBXFileReference; lastKnownFileType = sourcecode.swift; path = AppDelegate.swift; sourceTree = "<group>"; };
		AD1270082023D1510068531A /* HomeViewController.swift */ = {isa = PBXFileReference; lastKnownFileType = sourcecode.swift; path = HomeViewController.swift; sourceTree = "<group>"; };
		AD12700A2023D1510068531A /* Assets.xcassets */ = {isa = PBXFileReference; lastKnownFileType = folder.assetcatalog; path = Assets.xcassets; sourceTree = "<group>"; };
		AD12700F2023D1510068531A /* Info.plist */ = {isa = PBXFileReference; lastKnownFileType = text.plist.xml; path = Info.plist; sourceTree = "<group>"; };
		AD1270102023D1510068531A /* Iconology.entitlements */ = {isa = PBXFileReference; lastKnownFileType = text.plist.entitlements; path = Iconology.entitlements; sourceTree = "<group>"; };
		AD1270322023D3250068531A /* README.md */ = {isa = PBXFileReference; lastKnownFileType = net.daringfireball.markdown; path = README.md; sourceTree = "<group>"; };
		AD1270352023DADA0068531A /* DragView.swift */ = {isa = PBXFileReference; lastKnownFileType = sourcecode.swift; path = DragView.swift; sourceTree = "<group>"; };
		AD1270372024050C0068531A /* OptionsViewController.swift */ = {isa = PBXFileReference; lastKnownFileType = sourcecode.swift; path = OptionsViewController.swift; sourceTree = "<group>"; };
		ADA070E420AF6F8900A2A69F /* CustomPreset.swift */ = {isa = PBXFileReference; lastKnownFileType = sourcecode.swift; path = CustomPreset.swift; sourceTree = "<group>"; };
		ADA070E620AF709F00A2A69F /* XcodeSizes.swift */ = {isa = PBXFileReference; lastKnownFileType = sourcecode.swift; path = XcodeSizes.swift; sourceTree = "<group>"; };
		ADF887A520B07CE500E60C19 /* Base */ = {isa = PBXFileReference; lastKnownFileType = file.storyboard; name = Base; path = Main.storyboard; sourceTree = "<group>"; };
		ADF887AC20B07FAA00E60C19 /* Presets.storyboard */ = {isa = PBXFileReference; fileEncoding = 4; lastKnownFileType = file.storyboard; path = Presets.storyboard; sourceTree = "<group>"; };
		ADF887AE20B0819E00E60C19 /* SelectPresetViewController.swift */ = {isa = PBXFileReference; lastKnownFileType = sourcecode.swift; path = SelectPresetViewController.swift; sourceTree = "<group>"; };
		ADF887B020B081BF00E60C19 /* EditPresetViewController.swift */ = {isa = PBXFileReference; lastKnownFileType = sourcecode.swift; path = EditPresetViewController.swift; sourceTree = "<group>"; };
/* End PBXFileReference section */

/* Begin PBXFrameworksBuildPhase section */
		AD1270002023D1510068531A /* Frameworks */ = {
			isa = PBXFrameworksBuildPhase;
			buildActionMask = 2147483647;
			files = (
			);
			runOnlyForDeploymentPostprocessing = 0;
		};
/* End PBXFrameworksBuildPhase section */

/* Begin PBXGroup section */
		0C05610E21D1FCF7005E5D4A /* Main */ = {
			isa = PBXGroup;
			children = (
				ADF887A420B07CE500E60C19 /* Main.storyboard */,
				0C6C91B322BC383500C6A897 /* MainWindowController.swift */,
				0C05611021D1FD8A005E5D4A /* Home */,
				0C05611121D1FD98005E5D4A /* Options */,
			);
			path = Main;
			sourceTree = "<group>";
		};
		0C05610F21D1FD07005E5D4A /* EditPresets */ = {
			isa = PBXGroup;
			children = (
				ADF887AC20B07FAA00E60C19 /* Presets.storyboard */,
				0CE8558821D6FDAA00F22403 /* PresetsWindowController.swift */,
				0C8A681E2286755400DDE2CA /* PresetViewController.swift */,
				ADF887AE20B0819E00E60C19 /* SelectPresetViewController.swift */,
				ADF887B020B081BF00E60C19 /* EditPresetViewController.swift */,
			);
			path = EditPresets;
			sourceTree = "<group>";
		};
		0C05611021D1FD8A005E5D4A /* Home */ = {
			isa = PBXGroup;
			children = (
				0C6C91B522BC3BA300C6A897 /* Home.storyboard */,
				AD1270082023D1510068531A /* HomeViewController.swift */,
				AD1270352023DADA0068531A /* DragView.swift */,
			);
			path = Home;
			sourceTree = "<group>";
		};
		0C05611121D1FD98005E5D4A /* Options */ = {
			isa = PBXGroup;
			children = (
				0C6C91AF22BC2EFB00C6A897 /* ImageOptions.storyboard */,
				AD1270372024050C0068531A /* OptionsViewController.swift */,
				0CC44E4A21F690ED009E963D /* ImageOptionsViewController.swift */,
				0C3C44F821FBCFD70067508C /* PresetsViewController.swift */,
				0CB404A522B0C5830022505A /* PositionSelector.swift */,
			);
			path = Options;
			sourceTree = "<group>";
		};
		0C8D9E2821CD696C00520AC8 /* Extensions */ = {
			isa = PBXGroup;
			children = (
				0CC9E7E621CF434600E37482 /* Num+Clean.swift */,
				0C7B55BD21D40B22009FE959 /* NSImageView+AddImage.swift */,
				0C3C44FA21FBF9830067508C /* NSViewController+Children.swift */,
				0C3C44FE21FCF9F70067508C /* URL+NSImage.swift */,
				0C6C91B122BC302700C6A897 /* NSView+Background.swift */,
				0CE7DD9A22C3028C0074E0AF /* NSRect+Center.swift */,
			);
			path = Extensions;
			sourceTree = "<group>";
		};
		0C8D9E3621CD73B500520AC8 /* Default */ = {
			isa = PBXGroup;
			children = (
				ADA070E620AF709F00A2A69F /* XcodeSizes.swift */,
				0C8D9E3A21CD810D00520AC8 /* DefaultPresets.swift */,
				0CC9E81421CFF56300E37482 /* IconsetSizes.swift */,
			);
			path = Default;
			sourceTree = "<group>";
		};
		0C8D9E3721CD73C000520AC8 /* Custom */ = {
			isa = PBXGroup;
			children = (
				ADA070E420AF6F8900A2A69F /* CustomPreset.swift */,
				0C8D9E3821CD73E500520AC8 /* UserPresets.swift */,
				0C8D9E3E21CD977200520AC8 /* ExamplePresets.swift */,
			);
			path = Custom;
			sourceTree = "<group>";
		};
		0C8D9E4021CD984900520AC8 /* PresetTypes */ = {
			isa = PBXGroup;
			children = (
				0C8D9E3C21CD815100520AC8 /* Preset.swift */,
				0C8D9E4121CD988400520AC8 /* ImgSetPreset.swift */,
				0C8D9E4321CD988E00520AC8 /* XcodePreset.swift */,
				0C8D9E4521CD9A5E00520AC8 /* FilePreset.swift */,
				0CC9E81621D0830E00E37482 /* CollectionPreset.swift */,
			);
			path = PresetTypes;
			sourceTree = "<group>";
		};
		0C8D9E9521CF167600520AC8 /* Saving */ = {
			isa = PBXGroup;
			children = (
				0CF5BC2920E32A0200F2A57C /* SavePng.swift */,
				0CC9E81021CF645B00E37482 /* SaveXcode.swift */,
				0CC9E81221CF647200E37482 /* SaveFile.swift */,
				0CC9E81821D0842600E37482 /* SaveCollection.swift */,
			);
			path = Saving;
			sourceTree = "<group>";
		};
		0CD58C5C21F2D19D006CDC79 /* ImageEditing */ = {
			isa = PBXGroup;
			children = (
				0C02DD5122B1FD2C008B9759 /* ImageModifier.swift */,
				0C02DD5322B1FD57008B9759 /* NSImage+Edit.swift */,
				0C02DD5522B1FD63008B9759 /* NSImage+Util.swift */,
			);
			path = ImageEditing;
			sourceTree = "<group>";
		};
		0CE8558021D6E96A00F22403 /* Interface */ = {
			isa = PBXGroup;
			children = (
				0C05610E21D1FCF7005E5D4A /* Main */,
				0C05610F21D1FD07005E5D4A /* EditPresets */,
				0CE8558121D6E98200F22403 /* Preferences */,
			);
			path = Interface;
			sourceTree = "<group>";
		};
		0CE8558121D6E98200F22403 /* Preferences */ = {
			isa = PBXGroup;
			children = (
				0CE8558221D6E9B800F22403 /* Preferences.storyboard */,
				0CE8558421D6F69A00F22403 /* PreferencesWindowController.swift */,
				0CE8558621D6F81800F22403 /* PreferencesViewController.swift */,
				0C3C44F421FA70390067508C /* Preferences.swift */,
			);
			path = Preferences;
			sourceTree = "<group>";
		};
		0CE8558C21D7121700F22403 /* Util */ = {
			isa = PBXGroup;
			children = (
				0C8D9E2821CD696C00520AC8 /* Extensions */,
				0CC44E4421F59C33009E963D /* Storage.swift */,
				0CE8558A21D7111300F22403 /* Alerts.swift */,
				0C8D9E9621CF169900520AC8 /* FileHandler.swift */,
				0CE8558D21D858DC00F22403 /* AllowedFileTypes.swift */,
				0C3C44F621FAC4420067508C /* Notifications.swift */,
			);
			path = Util;
			sourceTree = "<group>";
		};
		0CF5BC2D20E32D0B00F2A57C /* Presets */ = {
			isa = PBXGroup;
			children = (
				0C8D9E3621CD73B500520AC8 /* Default */,
				0C8D9E3721CD73C000520AC8 /* Custom */,
				0C8D9E4021CD984900520AC8 /* PresetTypes */,
				0C8D9E9521CF167600520AC8 /* Saving */,
			);
			path = Presets;
			sourceTree = "<group>";
		};
		AD126FFA2023D1510068531A = {
			isa = PBXGroup;
			children = (
				AD1270322023D3250068531A /* README.md */,
				AD1270052023D1510068531A /* Iconology */,
				AD1270042023D1510068531A /* Products */,
			);
			sourceTree = "<group>";
		};
		AD1270042023D1510068531A /* Products */ = {
			isa = PBXGroup;
			children = (
				AD1270032023D1510068531A /* Iconology.app */,
			);
			name = Products;
			sourceTree = "<group>";
		};
		AD1270052023D1510068531A /* Iconology */ = {
			isa = PBXGroup;
			children = (
				0CE8558021D6E96A00F22403 /* Interface */,
				0CD58C5C21F2D19D006CDC79 /* ImageEditing */,
				0CE8558C21D7121700F22403 /* Util */,
				0CF5BC2D20E32D0B00F2A57C /* Presets */,
				ADEE32A62039192500AE0566 /* SupportFiles */,
			);
			path = Iconology;
			sourceTree = "<group>";
		};
		ADEE32A62039192500AE0566 /* SupportFiles */ = {
			isa = PBXGroup;
			children = (
				AD1270062023D1510068531A /* AppDelegate.swift */,
				AD12700F2023D1510068531A /* Info.plist */,
				AD12700A2023D1510068531A /* Assets.xcassets */,
				AD1270102023D1510068531A /* Iconology.entitlements */,
			);
			path = SupportFiles;
			sourceTree = "<group>";
		};
/* End PBXGroup section */

/* Begin PBXNativeTarget section */
		AD1270022023D1510068531A /* Iconology */ = {
			isa = PBXNativeTarget;
			buildConfigurationList = AD1270292023D1510068531A /* Build configuration list for PBXNativeTarget "Iconology" */;
			buildPhases = (
				AD126FFF2023D1510068531A /* Sources */,
				AD1270002023D1510068531A /* Frameworks */,
				AD1270012023D1510068531A /* Resources */,
			);
			buildRules = (
			);
			dependencies = (
			);
			name = Iconology;
			productName = Iconator;
			productReference = AD1270032023D1510068531A /* Iconology.app */;
			productType = "com.apple.product-type.application";
		};
/* End PBXNativeTarget section */

/* Begin PBXProject section */
		AD126FFB2023D1510068531A /* Project object */ = {
			isa = PBXProject;
			attributes = {
				LastSwiftUpdateCheck = 0920;
				LastUpgradeCheck = 1100;
				ORGANIZATIONNAME = "Liam Rosenfeld";
				TargetAttributes = {
					AD1270022023D1510068531A = {
						CreatedOnToolsVersion = 9.2;
						LastSwiftMigration = 1020;
						ProvisioningStyle = Automatic;
					};
				};
			};
			buildConfigurationList = AD126FFE2023D1510068531A /* Build configuration list for PBXProject "Iconology" */;
			compatibilityVersion = "Xcode 10.0";
			developmentRegion = en;
			hasScannedForEncodings = 0;
			knownRegions = (
				en,
				Base,
				global,
			);
			mainGroup = AD126FFA2023D1510068531A;
			productRefGroup = AD1270042023D1510068531A /* Products */;
			projectDirPath = "";
			projectRoot = "";
			targets = (
				AD1270022023D1510068531A /* Iconology */,
			);
		};
/* End PBXProject section */

/* Begin PBXResourcesBuildPhase section */
		AD1270012023D1510068531A /* Resources */ = {
			isa = PBXResourcesBuildPhase;
			buildActionMask = 2147483647;
			files = (
				ADF887A720B07CE600E60C19 /* Main.storyboard in Resources */,
				AD12700B2023D1510068531A /* Assets.xcassets in Resources */,
				ADF887AD20B07FAA00E60C19 /* Presets.storyboard in Resources */,
				0C6C91B622BC3BA300C6A897 /* Home.storyboard in Resources */,
				0CE8558321D6E9B800F22403 /* Preferences.storyboard in Resources */,
				0C6C91B022BC2EFB00C6A897 /* ImageOptions.storyboard in Resources */,
			);
			runOnlyForDeploymentPostprocessing = 0;
		};
/* End PBXResourcesBuildPhase section */

/* Begin PBXSourcesBuildPhase section */
		AD126FFF2023D1510068531A /* Sources */ = {
			isa = PBXSourcesBuildPhase;
			buildActionMask = 2147483647;
			files = (
				0C02DD5622B1FD63008B9759 /* NSImage+Util.swift in Sources */,
				0CE7DD9B22C3028C0074E0AF /* NSRect+Center.swift in Sources */,
				0CF5BC2A20E32A0200F2A57C /* SavePng.swift in Sources */,
				0CC44E4C21F690ED009E963D /* ImageOptionsViewController.swift in Sources */,
				ADF887AF20B0819E00E60C19 /* SelectPresetViewController.swift in Sources */,
				0CC9E7E721CF434600E37482 /* Num+Clean.swift in Sources */,
				0CE8558921D6FDAA00F22403 /* PresetsWindowController.swift in Sources */,
				0CC9E81921D0842600E37482 /* SaveCollection.swift in Sources */,
				ADA070E720AF709F00A2A69F /* XcodeSizes.swift in Sources */,
				0C3C44F521FA70390067508C /* Preferences.swift in Sources */,
				0CC9E81721D0830E00E37482 /* CollectionPreset.swift in Sources */,
				0C6C91B222BC302700C6A897 /* NSView+Background.swift in Sources */,
				0C8D9E3B21CD810D00520AC8 /* DefaultPresets.swift in Sources */,
				0C8D9E9721CF169900520AC8 /* FileHandler.swift in Sources */,
				0C8A68202286755400DDE2CA /* PresetViewController.swift in Sources */,
				0CC9E81521CFF56300E37482 /* IconsetSizes.swift in Sources */,
				AD1270092023D1510068531A /* HomeViewController.swift in Sources */,
				ADA070E520AF6F8900A2A69F /* CustomPreset.swift in Sources */,
				0C3C44F721FAC4420067508C /* Notifications.swift in Sources */,
				0CE8558E21D858DC00F22403 /* AllowedFileTypes.swift in Sources */,
				0CB404A622B0C5830022505A /* PositionSelector.swift in Sources */,
				AD1270382024050C0068531A /* OptionsViewController.swift in Sources */,
				AD1270072023D1510068531A /* AppDelegate.swift in Sources */,
				0CE8558B21D7111300F22403 /* Alerts.swift in Sources */,
				0C3C44FF21FCF9F70067508C /* URL+NSImage.swift in Sources */,
				0CE8558521D6F69A00F22403 /* PreferencesWindowController.swift in Sources */,
				0C8D9E3F21CD977200520AC8 /* ExamplePresets.swift in Sources */,
				0C8D9E4221CD988400520AC8 /* ImgSetPreset.swift in Sources */,
				0C8D9E3D21CD815100520AC8 /* Preset.swift in Sources */,
				0CE8558721D6F81800F22403 /* PreferencesViewController.swift in Sources */,
				0C6C91B422BC383500C6A897 /* MainWindowController.swift in Sources */,
				ADF887B120B081BF00E60C19 /* EditPresetViewController.swift in Sources */,
				0CC44E4521F59C33009E963D /* Storage.swift in Sources */,
				0C7B55BE21D40B22009FE959 /* NSImageView+AddImage.swift in Sources */,
				0C3C44FB21FBF9830067508C /* NSViewController+Children.swift in Sources */,
				0C8D9E4421CD988E00520AC8 /* XcodePreset.swift in Sources */,
				0C8D9E4621CD9A5E00520AC8 /* FilePreset.swift in Sources */,
				0C3C44F921FBCFD70067508C /* PresetsViewController.swift in Sources */,
				0CC9E81321CF647200E37482 /* SaveFile.swift in Sources */,
				0C02DD5222B1FD2C008B9759 /* ImageModifier.swift in Sources */,
				AD1270362023DADA0068531A /* DragView.swift in Sources */,
				0CC9E81121CF645B00E37482 /* SaveXcode.swift in Sources */,
				0C02DD5422B1FD57008B9759 /* NSImage+Edit.swift in Sources */,
				0C8D9E3921CD73E500520AC8 /* UserPresets.swift in Sources */,
			);
			runOnlyForDeploymentPostprocessing = 0;
		};
/* End PBXSourcesBuildPhase section */

/* Begin PBXVariantGroup section */
		ADF887A420B07CE500E60C19 /* Main.storyboard */ = {
			isa = PBXVariantGroup;
			children = (
				ADF887A520B07CE500E60C19 /* Base */,
			);
			name = Main.storyboard;
			sourceTree = "<group>";
		};
/* End PBXVariantGroup section */

/* Begin XCBuildConfiguration section */
		AD1270272023D1510068531A /* Debug */ = {
			isa = XCBuildConfiguration;
			buildSettings = {
				ALWAYS_SEARCH_USER_PATHS = NO;
				CLANG_ANALYZER_LOCALIZABILITY_NONLOCALIZED = YES;
				CLANG_ANALYZER_NONNULL = YES;
				CLANG_ANALYZER_NUMBER_OBJECT_CONVERSION = YES_AGGRESSIVE;
				CLANG_CXX_LANGUAGE_STANDARD = "gnu++14";
				CLANG_CXX_LIBRARY = "libc++";
				CLANG_ENABLE_MODULES = YES;
				CLANG_ENABLE_OBJC_ARC = YES;
				CLANG_WARN_BLOCK_CAPTURE_AUTORELEASING = YES;
				CLANG_WARN_BOOL_CONVERSION = YES;
				CLANG_WARN_COMMA = YES;
				CLANG_WARN_CONSTANT_CONVERSION = YES;
				CLANG_WARN_DEPRECATED_OBJC_IMPLEMENTATIONS = YES;
				CLANG_WARN_DIRECT_OBJC_ISA_USAGE = YES_ERROR;
				CLANG_WARN_DOCUMENTATION_COMMENTS = YES;
				CLANG_WARN_EMPTY_BODY = YES;
				CLANG_WARN_ENUM_CONVERSION = YES;
				CLANG_WARN_INFINITE_RECURSION = YES;
				CLANG_WARN_INT_CONVERSION = YES;
				CLANG_WARN_NON_LITERAL_NULL_CONVERSION = YES;
				CLANG_WARN_OBJC_IMPLICIT_RETAIN_SELF = YES;
				CLANG_WARN_OBJC_LITERAL_CONVERSION = YES;
				CLANG_WARN_OBJC_ROOT_CLASS = YES_ERROR;
				CLANG_WARN_RANGE_LOOP_ANALYSIS = YES;
				CLANG_WARN_STRICT_PROTOTYPES = YES;
				CLANG_WARN_SUSPICIOUS_MOVE = YES;
				CLANG_WARN_UNGUARDED_AVAILABILITY = YES_AGGRESSIVE;
				CLANG_WARN_UNREACHABLE_CODE = YES;
				CLANG_WARN__DUPLICATE_METHOD_MATCH = YES;
				CODE_SIGN_IDENTITY = "Mac Developer";
				COPY_PHASE_STRIP = NO;
				DEBUG_INFORMATION_FORMAT = dwarf;
				ENABLE_STRICT_OBJC_MSGSEND = YES;
				ENABLE_TESTABILITY = YES;
				GCC_C_LANGUAGE_STANDARD = gnu11;
				GCC_DYNAMIC_NO_PIC = NO;
				GCC_NO_COMMON_BLOCKS = YES;
				GCC_OPTIMIZATION_LEVEL = 0;
				GCC_PREPROCESSOR_DEFINITIONS = (
					"DEBUG=1",
					"$(inherited)",
				);
				GCC_WARN_64_TO_32_BIT_CONVERSION = YES;
				GCC_WARN_ABOUT_RETURN_TYPE = YES_ERROR;
				GCC_WARN_UNDECLARED_SELECTOR = YES;
				GCC_WARN_UNINITIALIZED_AUTOS = YES_AGGRESSIVE;
				GCC_WARN_UNUSED_FUNCTION = YES;
				GCC_WARN_UNUSED_VARIABLE = YES;
				MACOSX_DEPLOYMENT_TARGET = 10.13;
				MTL_ENABLE_DEBUG_INFO = YES;
				ONLY_ACTIVE_ARCH = YES;
				SDKROOT = macosx;
				SWIFT_ACTIVE_COMPILATION_CONDITIONS = DEBUG;
				SWIFT_COMPILATION_MODE = singlefile;
				SWIFT_OPTIMIZATION_LEVEL = "-Onone";
			};
			name = Debug;
		};
		AD1270282023D1510068531A /* Release */ = {
			isa = XCBuildConfiguration;
			buildSettings = {
				ALWAYS_SEARCH_USER_PATHS = NO;
				CLANG_ANALYZER_LOCALIZABILITY_NONLOCALIZED = YES;
				CLANG_ANALYZER_NONNULL = YES;
				CLANG_ANALYZER_NUMBER_OBJECT_CONVERSION = YES_AGGRESSIVE;
				CLANG_CXX_LANGUAGE_STANDARD = "gnu++14";
				CLANG_CXX_LIBRARY = "libc++";
				CLANG_ENABLE_MODULES = YES;
				CLANG_ENABLE_OBJC_ARC = YES;
				CLANG_WARN_BLOCK_CAPTURE_AUTORELEASING = YES;
				CLANG_WARN_BOOL_CONVERSION = YES;
				CLANG_WARN_COMMA = YES;
				CLANG_WARN_CONSTANT_CONVERSION = YES;
				CLANG_WARN_DEPRECATED_OBJC_IMPLEMENTATIONS = YES;
				CLANG_WARN_DIRECT_OBJC_ISA_USAGE = YES_ERROR;
				CLANG_WARN_DOCUMENTATION_COMMENTS = YES;
				CLANG_WARN_EMPTY_BODY = YES;
				CLANG_WARN_ENUM_CONVERSION = YES;
				CLANG_WARN_INFINITE_RECURSION = YES;
				CLANG_WARN_INT_CONVERSION = YES;
				CLANG_WARN_NON_LITERAL_NULL_CONVERSION = YES;
				CLANG_WARN_OBJC_IMPLICIT_RETAIN_SELF = YES;
				CLANG_WARN_OBJC_LITERAL_CONVERSION = YES;
				CLANG_WARN_OBJC_ROOT_CLASS = YES_ERROR;
				CLANG_WARN_RANGE_LOOP_ANALYSIS = YES;
				CLANG_WARN_STRICT_PROTOTYPES = YES;
				CLANG_WARN_SUSPICIOUS_MOVE = YES;
				CLANG_WARN_UNGUARDED_AVAILABILITY = YES_AGGRESSIVE;
				CLANG_WARN_UNREACHABLE_CODE = YES;
				CLANG_WARN__DUPLICATE_METHOD_MATCH = YES;
				CODE_SIGN_IDENTITY = "Mac Developer";
				COPY_PHASE_STRIP = NO;
				DEBUG_INFORMATION_FORMAT = "dwarf-with-dsym";
				ENABLE_NS_ASSERTIONS = NO;
				ENABLE_STRICT_OBJC_MSGSEND = YES;
				GCC_C_LANGUAGE_STANDARD = gnu11;
				GCC_NO_COMMON_BLOCKS = YES;
				GCC_WARN_64_TO_32_BIT_CONVERSION = YES;
				GCC_WARN_ABOUT_RETURN_TYPE = YES_ERROR;
				GCC_WARN_UNDECLARED_SELECTOR = YES;
				GCC_WARN_UNINITIALIZED_AUTOS = YES_AGGRESSIVE;
				GCC_WARN_UNUSED_FUNCTION = YES;
				GCC_WARN_UNUSED_VARIABLE = YES;
				MACOSX_DEPLOYMENT_TARGET = 10.13;
				MTL_ENABLE_DEBUG_INFO = NO;
				SDKROOT = macosx;
				SWIFT_COMPILATION_MODE = wholemodule;
				SWIFT_OPTIMIZATION_LEVEL = "-O";
			};
			name = Release;
		};
		AD12702A2023D1510068531A /* Debug */ = {
			isa = XCBuildConfiguration;
			buildSettings = {
				ASSETCATALOG_COMPILER_APPICON_NAME = AppIcon;
				CODE_SIGN_ENTITLEMENTS = Iconology/SupportFiles/Iconology.entitlements;
				CODE_SIGN_IDENTITY = "-";
				CODE_SIGN_STYLE = Automatic;
				COMBINE_HIDPI_IMAGES = YES;
				DEVELOPMENT_TEAM = 28V7PPHDHC;
				INFOPLIST_FILE = Iconology/SupportFiles/Info.plist;
				LD_RUNPATH_SEARCH_PATHS = (
					"$(inherited)",
					"@executable_path/../Frameworks",
				);
				PRODUCT_BUNDLE_IDENTIFIER = com.liamrosenfeld.Iconology;
				PRODUCT_NAME = "$(TARGET_NAME)";
				SWIFT_VERSION = 5.0;
			};
			name = Debug;
		};
		AD12702B2023D1510068531A /* Release */ = {
			isa = XCBuildConfiguration;
			buildSettings = {
				ASSETCATALOG_COMPILER_APPICON_NAME = AppIcon;
				CODE_SIGN_ENTITLEMENTS = Iconology/SupportFiles/Iconology.entitlements;
				CODE_SIGN_IDENTITY = "-";
				CODE_SIGN_STYLE = Automatic;
				COMBINE_HIDPI_IMAGES = YES;
				DEVELOPMENT_TEAM = 28V7PPHDHC;
				INFOPLIST_FILE = Iconology/SupportFiles/Info.plist;
				LD_RUNPATH_SEARCH_PATHS = (
					"$(inherited)",
					"@executable_path/../Frameworks",
				);
				PRODUCT_BUNDLE_IDENTIFIER = com.liamrosenfeld.Iconology;
				PRODUCT_NAME = "$(TARGET_NAME)";
				SWIFT_VERSION = 5.0;
			};
			name = Release;
		};
/* End XCBuildConfiguration section */

/* Begin XCConfigurationList section */
		AD126FFE2023D1510068531A /* Build configuration list for PBXProject "Iconology" */ = {
			isa = XCConfigurationList;
			buildConfigurations = (
				AD1270272023D1510068531A /* Debug */,
				AD1270282023D1510068531A /* Release */,
			);
			defaultConfigurationIsVisible = 0;
			defaultConfigurationName = Release;
		};
		AD1270292023D1510068531A /* Build configuration list for PBXNativeTarget "Iconology" */ = {
			isa = XCConfigurationList;
			buildConfigurations = (
				AD12702A2023D1510068531A /* Debug */,
				AD12702B2023D1510068531A /* Release */,
			);
			defaultConfigurationIsVisible = 0;
			defaultConfigurationName = Release;
		};
/* End XCConfigurationList section */
	};
	rootObject = AD126FFB2023D1510068531A /* Project object */;
}
